{
	"name": "inkdrop-natural-datetime",
	"version": "0.0.0",
	"lockfileVersion": 3,
	"requires": true,
	"packages": {
		"": {
			"name": "inkdrop-natural-datetime",
			"version": "0.0.0",
			"license": "MIT",
			"dependencies": {
				"chrono-node": "^2.7.0",
				"dayjs": "^1.11.10"
			},
			"devDependencies": {
				"@sane-fmt/wasm32-wasi": "^0.17.0"
			},
			"engines": {
				"inkdrop": "^5.x"
			}
		},
		"node_modules/@sane-fmt/wasm32-wasi": {
			"version": "0.17.0",
			"dev": true,
			"dependencies": {
				"@types/node": "^16.0.0",
				"@wasmer/wasi": "^0.12.0",
				"tslib": "^2.0.0"
			},
			"bin": {
				"sane-fmt": "bin",
				"sane-fmt-wasi": "bin",
				"sane-fmt-wasm32-wasi": "bin"
			},
			"engines": {
				"node": ">= 14.0.0"
			}
		},
		"node_modules/@types/node": {
			"version": "16.18.58",
			"dev": true,
			"license": "MIT"
		},
		"node_modules/@wasmer/wasi": {
			"version": "0.12.0",
			"dev": true,
			"license": "MIT",
			"dependencies": {
				"browser-process-hrtime": "^1.0.0",
				"buffer-es6": "^4.9.3",
				"path-browserify": "^1.0.0",
				"randomfill": "^1.0.4"
			}
		},
		"node_modules/browser-process-hrtime": {
			"version": "1.0.0",
			"dev": true,
			"license": "BSD-2-Clause"
		},
		"node_modules/buffer-es6": {
			"version": "4.9.3",
			"dev": true,
			"license": "MIT"
		},
		"node_modules/chrono-node": {
			"version": "2.7.0",
			"license": "MIT",
			"dependencies": {
				"dayjs": "^1.10.0"
			},
			"engines": {
				"node": "^12.20.0 || ^14.13.1 || >=16.0.0"
			}
		},
		"node_modules/dayjs": {
			"version": "1.11.10",
			"license": "MIT"
		},
		"node_modules/path-browserify": {
			"version": "1.0.1",
			"dev": true,
			"license": "MIT"
		},
		"node_modules/randombytes": {
			"version": "2.1.0",
			"dev": true,
			"license": "MIT",
			"dependencies": {
				"safe-buffer": "^5.1.0"
			}
		},
		"node_modules/randomfill": {
			"version": "1.0.4",
			"dev": true,
			"license": "MIT",
			"dependencies": {
				"randombytes": "^2.0.5",
				"safe-buffer": "^5.1.0"
			}
		},
		"node_modules/safe-buffer": {
			"version": "5.2.1",
			"dev": true,
			"funding": [
				{
					"type": "github",
					"url": "https://github.com/sponsors/feross"
				},
				{
					"type": "patreon",
					"url": "https://www.patreon.com/feross"
				},
				{
					"type": "consulting",
					"url": "https://feross.org/support"
				}
			],
			"license": "MIT"
		},
		"node_modules/tslib": {
			"version": "2.6.2",
			"dev": true,
			"license": "0BSD"
		}
	}
}
